
Microsoft Visual Studio Solution File, Format Version 12.00
Project("{FAE04EC0-301F-11D3-BF4B-00C04F79EFBC}") = "Apollo.NeuralNet", "Apollo.NeuralNet\Apollo.NeuralNet.csproj", "{2259279B-58C0-4044-9098-5B5B4A00D25D}"
EndProject
Project("{FAE04EC0-301F-11D3-BF4B-00C04F79EFBC}") = "Apollo.MIDI", "Apollo.MIDI\Apollo.MIDI.csproj", "{CF31388B-7827-4056-9765-8E3922D9DAC1}"
EndProject
Project("{FAE04EC0-301F-11D3-BF4B-00C04F79EFBC}") = "Apollo.MatrixMaths", "Apollo.MatrixMaths\Apollo.MatrixMaths.csproj", "{7A821615-E0D3-489B-AA57-3614320C33EA}"
EndProject
Project("{FAE04EC0-301F-11D3-BF4B-00C04F79EFBC}") = "Apollo.MatrixMaths.Tests", "Apollo.MatrixMaths.Tests\Apollo.MatrixMaths.Tests.csproj", "{36A6CFD4-0C21-4D60-BFD0-37121F0A9B12}"
EndProject
Project("{FAE04EC0-301F-11D3-BF4B-00C04F79EFBC}") = "TestingConsoleApp", "TestingConsoleApp\TestingConsoleApp.csproj", "{EC8AAEAE-2301-4D9F-A25F-E0782F0F5333}"
EndProject
Global
	GlobalSection(SolutionConfigurationPlatforms) = preSolution
		Debug|Any CPU = Debug|Any CPU
		Release|Any CPU = Release|Any CPU
	EndGlobalSection
	GlobalSection(ProjectConfigurationPlatforms) = postSolution
		{2259279B-58C0-4044-9098-5B5B4A00D25D}.Debug|Any CPU.ActiveCfg = Debug|Any CPU
		{2259279B-58C0-4044-9098-5B5B4A00D25D}.Debug|Any CPU.Build.0 = Debug|Any CPU
		{2259279B-58C0-4044-9098-5B5B4A00D25D}.Release|Any CPU.ActiveCfg = Release|Any CPU
		{2259279B-58C0-4044-9098-5B5B4A00D25D}.Release|Any CPU.Build.0 = Release|Any CPU
		{CF31388B-7827-4056-9765-8E3922D9DAC1}.Debug|Any CPU.ActiveCfg = Debug|Any CPU
		{CF31388B-7827-4056-9765-8E3922D9DAC1}.Debug|Any CPU.Build.0 = Debug|Any CPU
		{CF31388B-7827-4056-9765-8E3922D9DAC1}.Release|Any CPU.ActiveCfg = Release|Any CPU
		{CF31388B-7827-4056-9765-8E3922D9DAC1}.Release|Any CPU.Build.0 = Release|Any CPU
		{7A821615-E0D3-489B-AA57-3614320C33EA}.Debug|Any CPU.ActiveCfg = Debug|Any CPU
		{7A821615-E0D3-489B-AA57-3614320C33EA}.Debug|Any CPU.Build.0 = Debug|Any CPU
		{7A821615-E0D3-489B-AA57-3614320C33EA}.Release|Any CPU.ActiveCfg = Release|Any CPU
		{7A821615-E0D3-489B-AA57-3614320C33EA}.Release|Any CPU.Build.0 = Release|Any CPU
		{36A6CFD4-0C21-4D60-BFD0-37121F0A9B12}.Debug|Any CPU.ActiveCfg = Debug|Any CPU
		{36A6CFD4-0C21-4D60-BFD0-37121F0A9B12}.Debug|Any CPU.Build.0 = Debug|Any CPU
		{36A6CFD4-0C21-4D60-BFD0-37121F0A9B12}.Release|Any CPU.ActiveCfg = Release|Any CPU
		{36A6CFD4-0C21-4D60-BFD0-37121F0A9B12}.Release|Any CPU.Build.0 = Release|Any CPU
		{EC8AAEAE-2301-4D9F-A25F-E0782F0F5333}.Debug|Any CPU.ActiveCfg = Debug|Any CPU
		{EC8AAEAE-2301-4D9F-A25F-E0782F0F5333}.Debug|Any CPU.Build.0 = Debug|Any CPU
		{EC8AAEAE-2301-4D9F-A25F-E0782F0F5333}.Release|Any CPU.ActiveCfg = Release|Any CPU
		{EC8AAEAE-2301-4D9F-A25F-E0782F0F5333}.Release|Any CPU.Build.0 = Release|Any CPU
	EndGlobalSection
EndGlobal
